// !$*UTF8*$!
{
	archiveVersion = 1;
	classes = {
	};
	objectVersion = 50;
	objects = {

/* Begin PBXBuildFile section */
		094913CB2333C23500E0DAC7 /* AppDelegate.m in Sources */ = {isa = PBXBuildFile; fileRef = 094913CA2333C23500E0DAC7 /* AppDelegate.m */; };
		094913CE2333C23500E0DAC7 /* ViewController.m in Sources */ = {isa = PBXBuildFile; fileRef = 094913CD2333C23500E0DAC7 /* ViewController.m */; };
		094913D12333C23600E0DAC7 /* Main.storyboard in Resources */ = {isa = PBXBuildFile; fileRef = 094913CF2333C23500E0DAC7 /* Main.storyboard */; };
		094913D32333C23600E0DAC7 /* Assets.xcassets in Resources */ = {isa = PBXBuildFile; fileRef = 094913D22333C23600E0DAC7 /* Assets.xcassets */; };
		094913D62333C23600E0DAC7 /* LaunchScreen.storyboard in Resources */ = {isa = PBXBuildFile; fileRef = 094913D42333C23600E0DAC7 /* LaunchScreen.storyboard */; };
		094913D92333C23600E0DAC7 /* main.m in Sources */ = {isa = PBXBuildFile; fileRef = 094913D82333C23600E0DAC7 /* main.m */; };
		094913E12333C5BE00E0DAC7 /* FirstViewController.swift in Sources */ = {isa = PBXBuildFile; fileRef = 094913E02333C5BE00E0DAC7 /* FirstViewController.swift */; };
/* End PBXBuildFile section */

/* Begin PBXFileReference section */
		094913C62333C23500E0DAC7 /* TestBridge.app */ = {isa = PBXFileReference; explicitFileType = wrapper.application; includeInIndex = 0; path = TestBridge.app; sourceTree = BUILT_PRODUCTS_DIR; };
		094913C92333C23500E0DAC7 /* AppDelegate.h */ = {isa = PBXFileReference; lastKnownFileType = sourcecode.c.h; path = AppDelegate.h; sourceTree = "<group>"; };
		094913CA2333C23500E0DAC7 /* AppDelegate.m */ = {isa = PBXFileReference; lastKnownFileType = sourcecode.c.objc; path = AppDelegate.m; sourceTree = "<group>"; };
		094913CC2333C23500E0DAC7 /* ViewController.h */ = {isa = PBXFileReference; lastKnownFileType = sourcecode.c.h; path = ViewController.h; sourceTree = "<group>"; };
		094913CD2333C23500E0DAC7 /* ViewController.m */ = {isa = PBXFileReference; lastKnownFileType = sourcecode.c.objc; path = ViewController.m; sourceTree = "<group>"; };
		094913D02333C23500E0DAC7 /* Base */ = {isa = PBXFileReference; lastKnownFileType = file.storyboard; name = Base; path = Base.lproj/Main.storyboard; sourceTree = "<group>"; };
		094913D22333C23600E0DAC7 /* Assets.xcassets */ = {isa = PBXFileReference; lastKnownFileType = folder.assetcatalog; path = Assets.xcassets; sourceTree = "<group>"; };
		094913D52333C23600E0DAC7 /* Base */ = {isa = PBXFileReference; lastKnownFileType = file.storyboard; name = Base; path = Base.lproj/LaunchScreen.storyboard; sourceTree = "<group>"; };
		094913D72333C23600E0DAC7 /* Info.plist */ = {isa = PBXFileReference; lastKnownFileType = text.plist.xml; path = Info.plist; sourceTree = "<group>"; };
		094913D82333C23600E0DAC7 /* main.m */ = {isa = PBXFileReference; lastKnownFileType = sourcecode.c.objc; path = main.m; sourceTree = "<group>"; };
		094913DF2333C5BE00E0DAC7 /* TestBridge-Bridging-Header.h */ = {isa = PBXFileReference; lastKnownFileType = sourcecode.c.h; path = "TestBridge-Bridging-Header.h"; sourceTree = "<group>"; };
		094913E02333C5BE00E0DAC7 /* FirstViewController.swift */ = {isa = PBXFileReference; lastKnownFileType = sourcecode.swift; path = FirstViewController.swift; sourceTree = "<group>"; };
/* End PBXFileReference section */

/* Begin PBXFrameworksBuildPhase section */
		094913C32333C23500E0DAC7 /* Frameworks */ = {
			isa = PBXFrameworksBuildPhase;
			buildActionMask = 2147483647;
			files = (
			);
			runOnlyForDeploymentPostprocessing = 0;
		};
/* End PBXFrameworksBuildPhase section */

/* Begin PBXGroup section */
		094913BD2333C23500E0DAC7 = {
			isa = PBXGroup;
			children = (
				094913C82333C23500E0DAC7 /* TestBridge */,
				094913C72333C23500E0DAC7 /* Products */,
			);
			sourceTree = "<group>";
		};
		094913C72333C23500E0DAC7 /* Products */ = {
			isa = PBXGroup;
			children = (
				094913C62333C23500E0DAC7 /* TestBridge.app */,
			);
			name = Products;
			sourceTree = "<group>";
		};
		094913C82333C23500E0DAC7 /* TestBridge */ = {
			isa = PBXGroup;
			children = (
				094913C92333C23500E0DAC7 /* AppDelegate.h */,
				094913CA2333C23500E0DAC7 /* AppDelegate.m */,
				094913CC2333C23500E0DAC7 /* ViewController.h */,
				094913CD2333C23500E0DAC7 /* ViewController.m */,
				094913CF2333C23500E0DAC7 /* Main.storyboard */,
				094913D22333C23600E0DAC7 /* Assets.xcassets */,
				094913D42333C23600E0DAC7 /* LaunchScreen.storyboard */,
				094913D72333C23600E0DAC7 /* Info.plist */,
				094913D82333C23600E0DAC7 /* main.m */,
				094913E02333C5BE00E0DAC7 /* FirstViewController.swift */,
				094913DF2333C5BE00E0DAC7 /* TestBridge-Bridging-Header.h */,
			);
			path = TestBridge;
			sourceTree = "<group>";
		};
/* End PBXGroup section */

/* Begin PBXNativeTarget section */
		094913C52333C23500E0DAC7 /* TestBridge */ = {
			isa = PBXNativeTarget;
			buildConfigurationList = 094913DC2333C23600E0DAC7 /* Build configuration list for PBXNativeTarget "TestBridge" */;
			buildPhases = (
				094913C22333C23500E0DAC7 /* Sources */,
				094913C32333C23500E0DAC7 /* Frameworks */,
				094913C42333C23500E0DAC7 /* Resources */,
			);
			buildRules = (
			);
			dependencies = (
			);
			name = TestBridge;
			productName = TestBridge;
			productReference = 094913C62333C23500E0DAC7 /* TestBridge.app */;
			productType = "com.apple.product-type.application";
		};
/* End PBXNativeTarget section */

/* Begin PBXProject section */
		094913BE2333C23500E0DAC7 /* Project object */ = {
			isa = PBXProject;
			attributes = {
				LastUpgradeCheck = 1030;
				ORGANIZATIONNAME = encodejsc;
				TargetAttributes = {
					094913C52333C23500E0DAC7 = {
						CreatedOnToolsVersion = 10.3;
						LastSwiftMigration = 1030;
					};
				};
			};
			buildConfigurationList = 094913C12333C23500E0DAC7 /* Build configuration list for PBXProject "TestBridge" */;
			compatibilityVersion = "Xcode 9.3";
			developmentRegion = en;
			hasScannedForEncodings = 0;
			knownRegions = (
				en,
				Base,
			);
			mainGroup = 094913BD2333C23500E0DAC7;
			productRefGroup = 094913C72333C23500E0DAC7 /* Products */;
			projectDirPath = "";
			projectRoot = "";
			targets = (
				094913C52333C23500E0DAC7 /* TestBridge */,
			);
		};
/* End PBXProject section */

/* Begin PBXResourcesBuildPhase section */
		094913C42333C23500E0DAC7 /* Resources */ = {
			isa = PBXResourcesBuildPhase;
			buildActionMask = 2147483647;
			files = (
				094913D62333C23600E0DAC7 /* LaunchScreen.storyboard in Resources */,
				094913D32333C23600E0DAC7 /* Assets.xcassets in Resources */,
				094913D12333C23600E0DAC7 /* Main.storyboard in Resources */,
			);
			runOnlyForDeploymentPostprocessing = 0;
		};
/* End PBXResourcesBuildPhase section */

/* Begin PBXSourcesBuildPhase section */
		094913C22333C23500E0DAC7 /* Sources */ = {
			isa = PBXSourcesBuildPhase;
			buildActionMask = 2147483647;
			files = (
				094913CE2333C23500E0DAC7 /* ViewController.m in Sources */,
				094913D92333C23600E0DAC7 /* main.m in Sources */,
				094913CB2333C23500E0DAC7 /* AppDelegate.m in Sources */,
				094913E12333C5BE00E0DAC7 /* FirstViewController.swift in Sources */,
			);
			runOnlyForDeploymentPostprocessing = 0;
		};
/* End PBXSourcesBuildPhase section */

/* Begin PBXVariantGroup section */
		094913CF2333C23500E0DAC7 /* Main.storyboard */ = {
			isa = PBXVariantGroup;
			children = (
				094913D02333C23500E0DAC7 /* Base */,
			);
			name = Main.storyboard;
			sourceTree = "<group>";
		};
		094913D42333C23600E0DAC7 /* LaunchScreen.storyboard */ = {
			isa = PBXVariantGroup;
			children = (
				094913D52333C23600E0DAC7 /* Base */,
			);
			name = LaunchScreen.storyboard;
			sourceTree = "<group>";
		};
/* End PBXVariantGroup section */

/* Begin XCBuildConfiguration section */
		094913DA2333C23600E0DAC7 /* Debug */ = {
			isa = XCBuildConfiguration;
			buildSettings = {
				ALWAYS_SEARCH_USER_PATHS = NO;
				CLANG_ANALYZER_NONNULL = YES;
				CLANG_ANALYZER_NUMBER_OBJECT_CONVERSION = YES_AGGRESSIVE;
				CLANG_CXX_LANGUAGE_STANDARD = "gnu++14";
				CLANG_CXX_LIBRARY = "libc++";
				CLANG_ENABLE_MODULES = YES;
				CLANG_ENABLE_OBJC_ARC = YES;
				CLANG_ENABLE_OBJC_WEAK = YES;
				CLANG_WARN_BLOCK_CAPTURE_AUTORELEASING = YES;
				CLANG_WARN_BOOL_CONVERSION = YES;
				CLANG_WARN_COMMA = YES;
				CLANG_WARN_CONSTANT_CONVERSION = YES;
				CLANG_WARN_DEPRECATED_OBJC_IMPLEMENTATIONS = YES;
				CLANG_WARN_DIRECT_OBJC_ISA_USAGE = YES_ERROR;
				CLANG_WARN_DOCUMENTATION_COMMENTS = YES;
				CLANG_WARN_EMPTY_BODY = YES;
				CLANG_WARN_ENUM_CONVERSION = YES;
				CLANG_WARN_INFINITE_RECURSION = YES;
				CLANG_WARN_INT_CONVERSION = YES;
				CLANG_WARN_NON_LITERAL_NULL_CONVERSION = YES;
				CLANG_WARN_OBJC_IMPLICIT_RETAIN_SELF = YES;
				CLANG_WARN_OBJC_LITERAL_CONVERSION = YES;
				CLANG_WARN_OBJC_ROOT_CLASS = YES_ERROR;
				CLANG_WARN_RANGE_LOOP_ANALYSIS = YES;
				CLANG_WARN_STRICT_PROTOTYPES = YES;
				CLANG_WARN_SUSPICIOUS_MOVE = YES;
				CLANG_WARN_UNGUARDED_AVAILABILITY = YES_AGGRESSIVE;
				CLANG_WARN_UNREACHABLE_CODE = YES;
				CLANG_WARN__DUPLICATE_METHOD_MATCH = YES;
				CODE_SIGN_IDENTITY = "iPhone Developer";
				COPY_PHASE_STRIP = NO;
				DEBUG_INFORMATION_FORMAT = dwarf;
				ENABLE_STRICT_OBJC_MSGSEND = YES;
				ENABLE_TESTABILITY = YES;
				GCC_C_LANGUAGE_STANDARD = gnu11;
				GCC_DYNAMIC_NO_PIC = NO;
				GCC_NO_COMMON_BLOCKS = YES;
				GCC_OPTIMIZATION_LEVEL = 0;
				GCC_PREPROCESSOR_DEFINITIONS = (
					"DEBUG=1",
					"$(inherited)",
				);
				GCC_WARN_64_TO_32_BIT_CONVERSION = YES;
				GCC_WARN_ABOUT_RETURN_TYPE = YES_ERROR;
				GCC_WARN_UNDECLARED_SELECTOR = YES;
				GCC_WARN_UNINITIALIZED_AUTOS = YES_AGGRESSIVE;
				GCC_WARN_UNUSED_FUNCTION = YES;
				GCC_WARN_UNUSED_VARIABLE = YES;
				IPHONEOS_DEPLOYMENT_TARGET = 12.4;
				MTL_ENABLE_DEBUG_INFO = INCLUDE_SOURCE;
				MTL_FAST_MATH = YES;
				ONLY_ACTIVE_ARCH = YES;
				SDKROOT = iphoneos;
			};
			name = Debug;
		};
		094913DB2333C23600E0DAC7 /* Release */ = {
			isa = XCBuildConfiguration;
			buildSettings = {
				ALWAYS_SEARCH_USER_PATHS = NO;
				CLANG_ANALYZER_NONNULL = YES;
				CLANG_ANALYZER_NUMBER_OBJECT_CONVERSION = YES_AGGRESSIVE;
				CLANG_CXX_LANGUAGE_STANDARD = "gnu++14";
				CLANG_CXX_LIBRARY = "libc++";
				CLANG_ENABLE_MODULES = YES;
				CLANG_ENABLE_OBJC_ARC = YES;
				CLANG_ENABLE_OBJC_WEAK = YES;
				CLANG_WARN_BLOCK_CAPTURE_AUTORELEASING = YES;
				CLANG_WARN_BOOL_CONVERSION = YES;
				CLANG_WARN_COMMA = YES;
				CLANG_WARN_CONSTANT_CONVERSION = YES;
				CLANG_WARN_DEPRECATED_OBJC_IMPLEMENTATIONS = YES;
				CLANG_WARN_DIRECT_OBJC_ISA_USAGE = YES_ERROR;
				CLANG_WARN_DOCUMENTATION_COMMENTS = YES;
				CLANG_WARN_EMPTY_BODY = YES;
				CLANG_WARN_ENUM_CONVERSION = YES;
				CLANG_WARN_INFINITE_RECURSION = YES;
				CLANG_WARN_INT_CONVERSION = YES;
				CLANG_WARN_NON_LITERAL_NULL_CONVERSION = YES;
				CLANG_WARN_OBJC_IMPLICIT_RETAIN_SELF = YES;
				CLANG_WARN_OBJC_LITERAL_CONVERSION = YES;
				CLANG_WARN_OBJC_ROOT_CLASS = YES_ERROR;
				CLANG_WARN_RANGE_LOOP_ANALYSIS = YES;
				CLANG_WARN_STRICT_PROTOTYPES = YES;
				CLANG_WARN_SUSPICIOUS_MOVE = YES;
				CLANG_WARN_UNGUARDED_AVAILABILITY = YES_AGGRESSIVE;
				CLANG_WARN_UNREACHABLE_CODE = YES;
				CLANG_WARN__DUPLICATE_METHOD_MATCH = YES;
				CODE_SIGN_IDENTITY = "iPhone Developer";
				COPY_PHASE_STRIP = NO;
				DEBUG_INFORMATION_FORMAT = "dwarf-with-dsym";
				ENABLE_NS_ASSERTIONS = NO;
				ENABLE_STRICT_OBJC_MSGSEND = YES;
				GCC_C_LANGUAGE_STANDARD = gnu11;
				GCC_NO_COMMON_BLOCKS = YES;
				GCC_WARN_64_TO_32_BIT_CONVERSION = YES;
				GCC_WARN_ABOUT_RETURN_TYPE = YES_ERROR;
				GCC_WARN_UNDECLARED_SELECTOR = YES;
				GCC_WARN_UNINITIALIZED_AUTOS = YES_AGGRESSIVE;
				GCC_WARN_UNUSED_FUNCTION = YES;
				GCC_WARN_UNUSED_VARIABLE = YES;
				IPHONEOS_DEPLOYMENT_TARGET = 12.4;
				MTL_ENABLE_DEBUG_INFO = NO;
				MTL_FAST_MATH = YES;
				SDKROOT = iphoneos;
				VALIDATE_PRODUCT = YES;
			};
			name = Release;
		};
		094913DD2333C23600E0DAC7 /* Debug */ = {
			isa = XCBuildConfiguration;
			buildSettings = {
				ASSETCATALOG_COMPILER_APPICON_NAME = AppIcon;
				CLANG_ENABLE_MODULES = YES;
				CODE_SIGN_STYLE = Automatic;
				DEVELOPMENT_TEAM = J52MQDAGS5;
				INFOPLIST_FILE = TestBridge/Info.plist;
				LD_RUNPATH_SEARCH_PATHS = (
					"$(inherited)",
					"@executable_path/Frameworks",
				);
				PRODUCT_BUNDLE_IDENTIFIER = com.encodejsc.TestBridge;
				PRODUCT_NAME = "$(TARGET_NAME)";
				SWIFT_OBJC_BRIDGING_HEADER = "TestBridge/TestBridge-Bridging-Header.h";
				SWIFT_OPTIMIZATION_LEVEL = "-Onone";
				SWIFT_VERSION = 5.0;
				TARGETED_DEVICE_FAMILY = "1,2";
			};
			name = Debug;
		};
		094913DE2333C23600E0DAC7 /* Release */ = {
			isa = XCBuildConfiguration;
			buildSettings = {
				ASSETCATALOG_COMPILER_APPICON_NAME = AppIcon;
				CLANG_ENABLE_MODULES = YES;
				CODE_SIGN_STYLE = Automatic;
				DEVELOPMENT_TEAM = J52MQDAGS5;
				INFOPLIST_FILE = TestBridge/Info.plist;
				LD_RUNPATH_SEARCH_PATHS = (
					"$(inherited)",
					"@executable_path/Frameworks",
				);
				PRODUCT_BUNDLE_IDENTIFIER = com.encodejsc.TestBridge;
				PRODUCT_NAME = "$(TARGET_NAME)";
				SWIFT_OBJC_BRIDGING_HEADER = "TestBridge/TestBridge-Bridging-Header.h";
				SWIFT_VERSION = 5.0;
				TARGETED_DEVICE_FAMILY = "1,2";
			};
			name = Release;
		};
/* End XCBuildConfiguration section */

/* Begin XCConfigurationList section */
		094913C12333C23500E0DAC7 /* Build configuration list for PBXProject "TestBridge" */ = {
			isa = XCConfigurationList;
			buildConfigurations = (
				094913DA2333C23600E0DAC7 /* Debug */,
				094913DB2333C23600E0DAC7 /* Release */,
			);
			defaultConfigurationIsVisible = 0;
			defaultConfigurationName = Release;
		};
		094913DC2333C23600E0DAC7 /* Build configuration list for PBXNativeTarget "TestBridge" */ = {
			isa = XCConfigurationList;
			buildConfigurations = (
				094913DD2333C23600E0DAC7 /* Debug */,
				094913DE2333C23600E0DAC7 /* Release */,
			);
			defaultConfigurationIsVisible = 0;
			defaultConfigurationName = Release;
		};
/* End XCConfigurationList section */
	};
	rootObject = 094913BE2333C23500E0DAC7 /* Project object */;
}
